
Microsoft Visual Studio Solution File, Format Version 12.00
# Visual Studio 15
VisualStudioVersion = 15.0.28307.572
MinimumVisualStudioVersion = 10.0.40219.1
Project("{FAE04EC0-301F-11D3-BF4B-00C04F79EFBC}") = "BondoraAngular1", "BondoraAngular1\BondoraAngular1.csproj", "{251C9E8A-E181-4C3B-A555-ED0A3816D6FB}"
EndProject
Project("{FAE04EC0-301F-11D3-BF4B-00C04F79EFBC}") = "DataLibrary", "DataLibrary\DataLibrary.csproj", "{824DBBE5-6483-42FE-828A-32498ABBE72B}"
EndProject
Global
	GlobalSection(SolutionConfigurationPlatforms) = preSolution
		Debug|Any CPU = Debug|Any CPU
		Release|Any CPU = Release|Any CPU
	EndGlobalSection
	GlobalSection(ProjectConfigurationPlatforms) = postSolution
		{251C9E8A-E181-4C3B-A555-ED0A3816D6FB}.Debug|Any CPU.ActiveCfg = Debug|Any CPU
		{251C9E8A-E181-4C3B-A555-ED0A3816D6FB}.Debug|Any CPU.Build.0 = Debug|Any CPU
		{251C9E8A-E181-4C3B-A555-ED0A3816D6FB}.Release|Any CPU.ActiveCfg = Release|Any CPU
		{251C9E8A-E181-4C3B-A555-ED0A3816D6FB}.Release|Any CPU.Build.0 = Release|Any CPU
		{824DBBE5-6483-42FE-828A-32498ABBE72B}.Debug|Any CPU.ActiveCfg = Debug|Any CPU
		{824DBBE5-6483-42FE-828A-32498ABBE72B}.Debug|Any CPU.Build.0 = Debug|Any CPU
		{824DBBE5-6483-42FE-828A-32498ABBE72B}.Release|Any CPU.ActiveCfg = Release|Any CPU
		{824DBBE5-6483-42FE-828A-32498ABBE72B}.Release|Any CPU.Build.0 = Release|Any CPU
	EndGlobalSection
	GlobalSection(SolutionProperties) = preSolution
		HideSolutionNode = FALSE
	EndGlobalSection
	GlobalSection(ExtensibilityGlobals) = postSolution
		SolutionGuid = {AF3DFBDE-CE01-44E2-9286-BF338072D340}
	EndGlobalSection
EndGlobal
